
Microsoft Visual Studio Solution File, Format Version 10.00
# Visual Studio 2008
Project("{FAE04EC0-301F-11D3-BF4B-00C04F79EFBC}") = "SPGraphvizWebPart", "SPGraphvizWebPart\SPGraphvizWebPart.csproj", "{6485DF0C-A232-48AB-8423-2EE5F50CF72C}"
EndProject
Global
	GlobalSection(SolutionConfigurationPlatforms) = preSolution
		Debug|Any CPU = Debug|Any CPU
		Release|Any CPU = Release|Any CPU
	EndGlobalSection
	GlobalSection(ProjectConfigurationPlatforms) = postSolution
		{6485DF0C-A232-48AB-8423-2EE5F50CF72C}.Debug|Any CPU.ActiveCfg = Debug|Any CPU
		{6485DF0C-A232-48AB-8423-2EE5F50CF72C}.Debug|Any CPU.Build.0 = Debug|Any CPU
		{6485DF0C-A232-48AB-8423-2EE5F50CF72C}.Release|Any CPU.ActiveCfg = Release|Any CPU
		{6485DF0C-A232-48AB-8423-2EE5F50CF72C}.Release|Any CPU.Build.0 = Release|Any CPU
	EndGlobalSection
	GlobalSection(SolutionProperties) = preSolution
		HideSolutionNode = FALSE
	EndGlobalSection
EndGlobal
